
Microsoft Visual Studio Solution File, Format Version 12.00
# Visual Studio Version 16
VisualStudioVersion = 25.0.1706.0
MinimumVisualStudioVersion = 10.0.40219.1
Project("{FAE04EC0-301F-11D3-BF4B-00C04F79EFBC}") = "BlazorWasm.AffordableHomes.Server", "BlazorWasm.AffordableHomes\Server\BlazorWasm.AffordableHomes.Server.csproj", "{16F789E4-8A39-44A3-8F33-425E730AA8B2}"
EndProject
Project("{FAE04EC0-301F-11D3-BF4B-00C04F79EFBC}") = "BlazorWasm.AffordableHomes.Client", "BlazorWasm.AffordableHomes\Client\BlazorWasm.AffordableHomes.Client.csproj", "{ADF1D87E-B1A5-4AAF-B710-94B91904B2E9}"
EndProject
Project("{FAE04EC0-301F-11D3-BF4B-00C04F79EFBC}") = "BlazorWasm.AffordableHomes.Shared", "BlazorWasm.AffordableHomes\Shared\BlazorWasm.AffordableHomes.Shared.csproj", "{5A9BFCEB-57CF-48B8-BEA1-3CEBE63420EC}"
EndProject
Global
	GlobalSection(SolutionConfigurationPlatforms) = preSolution
		Debug|Any CPU = Debug|Any CPU
		Release|Any CPU = Release|Any CPU
	EndGlobalSection
	GlobalSection(ProjectConfigurationPlatforms) = postSolution
		{16F789E4-8A39-44A3-8F33-425E730AA8B2}.Debug|Any CPU.ActiveCfg = Debug|Any CPU
		{16F789E4-8A39-44A3-8F33-425E730AA8B2}.Debug|Any CPU.Build.0 = Debug|Any CPU
		{16F789E4-8A39-44A3-8F33-425E730AA8B2}.Release|Any CPU.ActiveCfg = Release|Any CPU
		{16F789E4-8A39-44A3-8F33-425E730AA8B2}.Release|Any CPU.Build.0 = Release|Any CPU
		{ADF1D87E-B1A5-4AAF-B710-94B91904B2E9}.Debug|Any CPU.ActiveCfg = Debug|Any CPU
		{ADF1D87E-B1A5-4AAF-B710-94B91904B2E9}.Debug|Any CPU.Build.0 = Debug|Any CPU
		{ADF1D87E-B1A5-4AAF-B710-94B91904B2E9}.Release|Any CPU.ActiveCfg = Release|Any CPU
		{ADF1D87E-B1A5-4AAF-B710-94B91904B2E9}.Release|Any CPU.Build.0 = Release|Any CPU
		{5A9BFCEB-57CF-48B8-BEA1-3CEBE63420EC}.Debug|Any CPU.ActiveCfg = Debug|Any CPU
		{5A9BFCEB-57CF-48B8-BEA1-3CEBE63420EC}.Debug|Any CPU.Build.0 = Debug|Any CPU
		{5A9BFCEB-57CF-48B8-BEA1-3CEBE63420EC}.Release|Any CPU.ActiveCfg = Release|Any CPU
		{5A9BFCEB-57CF-48B8-BEA1-3CEBE63420EC}.Release|Any CPU.Build.0 = Release|Any CPU
	EndGlobalSection
	GlobalSection(SolutionProperties) = preSolution
		HideSolutionNode = FALSE
	EndGlobalSection
	GlobalSection(ExtensibilityGlobals) = postSolution
		SolutionGuid = {6B7DB05A-93CB-4494-BA08-F526D5FA3C06}
	EndGlobalSection
EndGlobal
